
Microsoft Visual Studio Solution File, Format Version 12.00
Project("{2150E333-8FDC-42A3-9474-1A3956D46DE8}") = "src", "src", "{F537C66F-CE50-4653-9956-D795FF631712}"
EndProject
Project("{FAE04EC0-301F-11D3-BF4B-00C04F79EFBC}") = "Identity.Api", "src\Identity.Api\Identity.Api.csproj", "{79BC1B73-DB9F-470A-8297-D3B557638EF0}"
EndProject
Project("{FAE04EC0-301F-11D3-BF4B-00C04F79EFBC}") = "Identity.Domain", "src\Identity.Domain\Identity.Domain.csproj", "{454707A7-1E34-42CA-9992-B17D79EE5695}"
EndProject
Project("{FAE04EC0-301F-11D3-BF4B-00C04F79EFBC}") = "Identity.Application", "src\Identity.Application\Identity.Application.csproj", "{C15CF55C-66B5-4618-B00D-46A2B1888890}"
EndProject
Project("{FAE04EC0-301F-11D3-BF4B-00C04F79EFBC}") = "Identity.Infrastructure", "src\Identity.Infrastructure\Identity.Infrastructure.csproj", "{E17E538A-E61A-42E9-B79C-6BA2E7E69C4E}"
EndProject
Project("{2150E333-8FDC-42A3-9474-1A3956D46DE8}") = "solution", "solution", "{8B1B6804-C259-43A1-AD22-2B040389F24B}"
	ProjectSection(SolutionItems) = preProject
		Directory.Build.props = Directory.Build.props
		Directory.Packages.props = Directory.Packages.props
		.gitignore = .gitignore
	EndProjectSection
EndProject
Project("{FAE04EC0-301F-11D3-BF4B-00C04F79EFBC}") = "Identity.Security", "src\Identity.Security\Identity.Security.csproj", "{8C2BDACA-936E-4ED4-9192-3FEE85D08D56}"
EndProject
Project("{2150E333-8FDC-42A3-9474-1A3956D46DE8}") = "tests", "tests", "{1FE8B75D-CEFD-47AC-A99D-9774708F8822}"
EndProject
Project("{FAE04EC0-301F-11D3-BF4B-00C04F79EFBC}") = "Identity.Security.Tests", "tests\Identity.Security.Tests\Identity.Security.Tests.csproj", "{7867CC90-8922-4355-B27D-533BD026E061}"
EndProject
Global
	GlobalSection(SolutionConfigurationPlatforms) = preSolution
		Debug|Any CPU = Debug|Any CPU
		Release|Any CPU = Release|Any CPU
	EndGlobalSection
	GlobalSection(NestedProjects) = preSolution
		{79BC1B73-DB9F-470A-8297-D3B557638EF0} = {F537C66F-CE50-4653-9956-D795FF631712}
		{454707A7-1E34-42CA-9992-B17D79EE5695} = {F537C66F-CE50-4653-9956-D795FF631712}
		{C15CF55C-66B5-4618-B00D-46A2B1888890} = {F537C66F-CE50-4653-9956-D795FF631712}
		{E17E538A-E61A-42E9-B79C-6BA2E7E69C4E} = {F537C66F-CE50-4653-9956-D795FF631712}
		{8C2BDACA-936E-4ED4-9192-3FEE85D08D56} = {F537C66F-CE50-4653-9956-D795FF631712}
		{7867CC90-8922-4355-B27D-533BD026E061} = {1FE8B75D-CEFD-47AC-A99D-9774708F8822}
	EndGlobalSection
	GlobalSection(ProjectConfigurationPlatforms) = postSolution
		{79BC1B73-DB9F-470A-8297-D3B557638EF0}.Debug|Any CPU.ActiveCfg = Debug|Any CPU
		{79BC1B73-DB9F-470A-8297-D3B557638EF0}.Debug|Any CPU.Build.0 = Debug|Any CPU
		{79BC1B73-DB9F-470A-8297-D3B557638EF0}.Release|Any CPU.ActiveCfg = Release|Any CPU
		{79BC1B73-DB9F-470A-8297-D3B557638EF0}.Release|Any CPU.Build.0 = Release|Any CPU
		{454707A7-1E34-42CA-9992-B17D79EE5695}.Debug|Any CPU.ActiveCfg = Debug|Any CPU
		{454707A7-1E34-42CA-9992-B17D79EE5695}.Debug|Any CPU.Build.0 = Debug|Any CPU
		{454707A7-1E34-42CA-9992-B17D79EE5695}.Release|Any CPU.ActiveCfg = Release|Any CPU
		{454707A7-1E34-42CA-9992-B17D79EE5695}.Release|Any CPU.Build.0 = Release|Any CPU
		{C15CF55C-66B5-4618-B00D-46A2B1888890}.Debug|Any CPU.ActiveCfg = Debug|Any CPU
		{C15CF55C-66B5-4618-B00D-46A2B1888890}.Debug|Any CPU.Build.0 = Debug|Any CPU
		{C15CF55C-66B5-4618-B00D-46A2B1888890}.Release|Any CPU.ActiveCfg = Release|Any CPU
		{C15CF55C-66B5-4618-B00D-46A2B1888890}.Release|Any CPU.Build.0 = Release|Any CPU
		{E17E538A-E61A-42E9-B79C-6BA2E7E69C4E}.Debug|Any CPU.ActiveCfg = Debug|Any CPU
		{E17E538A-E61A-42E9-B79C-6BA2E7E69C4E}.Debug|Any CPU.Build.0 = Debug|Any CPU
		{E17E538A-E61A-42E9-B79C-6BA2E7E69C4E}.Release|Any CPU.ActiveCfg = Release|Any CPU
		{E17E538A-E61A-42E9-B79C-6BA2E7E69C4E}.Release|Any CPU.Build.0 = Release|Any CPU
		{8C2BDACA-936E-4ED4-9192-3FEE85D08D56}.Debug|Any CPU.ActiveCfg = Debug|Any CPU
		{8C2BDACA-936E-4ED4-9192-3FEE85D08D56}.Debug|Any CPU.Build.0 = Debug|Any CPU
		{8C2BDACA-936E-4ED4-9192-3FEE85D08D56}.Release|Any CPU.ActiveCfg = Release|Any CPU
		{8C2BDACA-936E-4ED4-9192-3FEE85D08D56}.Release|Any CPU.Build.0 = Release|Any CPU
		{7867CC90-8922-4355-B27D-533BD026E061}.Debug|Any CPU.ActiveCfg = Debug|Any CPU
		{7867CC90-8922-4355-B27D-533BD026E061}.Debug|Any CPU.Build.0 = Debug|Any CPU
		{7867CC90-8922-4355-B27D-533BD026E061}.Release|Any CPU.ActiveCfg = Release|Any CPU
		{7867CC90-8922-4355-B27D-533BD026E061}.Release|Any CPU.Build.0 = Release|Any CPU
	EndGlobalSection
EndGlobal
